{
  "nodes": {
    "edvard-dotfiles": {
      "inputs": {
        "nixpkgs": [
          "nixpkgs"
        ]
      },
      "locked": {
        "lastModified": 1786122835,
        "narHash": "sha256-sbKTlg/wONbcIkABpXbyaUre2Vr97CeJZn6qjj9BEks=",
        "owner": "edvardsire",
        "repo": "dotfiles",
        "rev": "5dc5c58282aa81ce08eabf13420957acdef690ad",
        "type": "github"
      },
      "original": {
        "owner": "edvardsire",
        "repo": "dotfiles",
        "type": "github"
      }
    },
    "nixpkgs": {
      "locked": {
        "lastModified": 1777077449,
        "narHash": "sha256-AIiMJiqvGrN4HyLEbKAoCSRRYn0rnlW5VbKNIMIYqm4=",
        "owner": "NixOS",
        "repo": "nixpkgs",
        "rev": "a4bf06618f0b5ee50f14ed8f0da77d34ecc19160",
        "type": "github"
      },
      "original": {
        "owner": "NixOS",
        "ref": "nixos-25.05",
        "repo": "nixpkgs",
        "type": "github"
      }
    },
    "root": {
      "inputs": {
        "edvard-dotfiles": "edvard-dotfiles",
        "nixpkgs": "nixpkgs"
      }
    }
  },
  "root": "root",
  "version": 7
}
