{
  "nodes": {
    "edvard-dotfiles": {
      "inputs": {
        "nixpkgs": [
          "nixpkgs"
        ]
      },
      "locked": {
        "lastModified": 1773155400,
        "narHash": "sha256-pNcsCTieGsOXBlBMlbu00U+NDGzu5tlrwDUMkwDJ0Kk=",
        "owner": "edvardsire",
        "repo": "dotfiles",
        "rev": "a03f72ea24593d6f115855fb0841e9619d16bfae",
        "type": "github"
      },
      "original": {
        "owner": "edvardsire",
        "repo": "dotfiles",
        "type": "github"
      }
    },
    "nixpkgs": {
      "locked": {
        "lastModified": 1767051569,
        "narHash": "sha256-0MnuWoN+n1UYaGBIpqpPs9I9ZHW4kynits4mrnh1Pk4=",
        "owner": "NixOS",
        "repo": "nixpkgs",
        "rev": "40ee5e1944bebdd128f9fbada44faefddfde29bd",
        "type": "github"
      },
      "original": {
        "owner": "NixOS",
        "ref": "nixos-25.05",
        "repo": "nixpkgs",
        "type": "github"
      }
    },
    "root": {
      "inputs": {
        "edvard-dotfiles": "edvard-dotfiles",
        "nixpkgs": "nixpkgs"
      }
    }
  },
  "root": "root",
  "version": 7
}
